
Microsoft Visual Studio Solution File, Format Version 12.00
Project("{2150E333-8FDC-42A3-9474-1A3956D46DE8}") = "@github workflows", "@github workflows", "{14072BD6-EBCE-4D7C-B7DA-00CD09430EEF}"
	ProjectSection(SolutionItems) = preProject
		.github\workflows\build.yml = .github\workflows\build.yml
	EndProjectSection
EndProject
Project("{2150E333-8FDC-42A3-9474-1A3956D46DE8}") = "@documents", "@documents", "{864451A9-F1F3-4B50-A461-37E6F0C8FD7B}"
	ProjectSection(SolutionItems) = preProject
		README.md = README.md
	EndProjectSection
EndProject
Project("{2150E333-8FDC-42A3-9474-1A3956D46DE8}") = "@configuration", "@configuration", "{FDF4A2A9-A07F-4116-ADEB-B1EE7276EC4E}"
	ProjectSection(SolutionItems) = preProject
		.editorconfig = .editorconfig
		.gitattributes = .gitattributes
		.gitignore = .gitignore
	EndProjectSection
EndProject
Project("{2150E333-8FDC-42A3-9474-1A3956D46DE8}") = "src", "src", "{771D2203-4998-4B48-9B95-5945FDB9FA3D}"
EndProject
Project("{2150E333-8FDC-42A3-9474-1A3956D46DE8}") = "tests", "tests", "{DA1DD1DC-5A65-4398-80D6-CF1F714856B7}"
EndProject
Project("{FAE04EC0-301F-11D3-BF4B-00C04F79EFBC}") = "DiffLib2", "src\DiffLib2\DiffLib2.csproj", "{FF31771D-2AC3-49E9-9596-16842EBCD670}"
EndProject
Project("{FAE04EC0-301F-11D3-BF4B-00C04F79EFBC}") = "DiffLib2.Tests", "tests\DiffLib2.Tests\DiffLib2.Tests.csproj", "{FCFBE2B8-095F-48A2-BAB7-D1E74CD5A83A}"
EndProject
Global
	GlobalSection(SolutionConfigurationPlatforms) = preSolution
		Debug|Any CPU = Debug|Any CPU
		Release|Any CPU = Release|Any CPU
	EndGlobalSection
	GlobalSection(ProjectConfigurationPlatforms) = postSolution
		{FF31771D-2AC3-49E9-9596-16842EBCD670}.Debug|Any CPU.ActiveCfg = Debug|Any CPU
		{FF31771D-2AC3-49E9-9596-16842EBCD670}.Debug|Any CPU.Build.0 = Debug|Any CPU
		{FF31771D-2AC3-49E9-9596-16842EBCD670}.Release|Any CPU.ActiveCfg = Release|Any CPU
		{FF31771D-2AC3-49E9-9596-16842EBCD670}.Release|Any CPU.Build.0 = Release|Any CPU
		{FCFBE2B8-095F-48A2-BAB7-D1E74CD5A83A}.Debug|Any CPU.ActiveCfg = Debug|Any CPU
		{FCFBE2B8-095F-48A2-BAB7-D1E74CD5A83A}.Debug|Any CPU.Build.0 = Debug|Any CPU
		{FCFBE2B8-095F-48A2-BAB7-D1E74CD5A83A}.Release|Any CPU.ActiveCfg = Release|Any CPU
		{FCFBE2B8-095F-48A2-BAB7-D1E74CD5A83A}.Release|Any CPU.Build.0 = Release|Any CPU
	EndGlobalSection
	GlobalSection(NestedProjects) = preSolution
		{FF31771D-2AC3-49E9-9596-16842EBCD670} = {771D2203-4998-4B48-9B95-5945FDB9FA3D}
		{FCFBE2B8-095F-48A2-BAB7-D1E74CD5A83A} = {DA1DD1DC-5A65-4398-80D6-CF1F714856B7}
	EndGlobalSection
EndGlobal
