
Microsoft Visual Studio Solution File, Format Version 12.00
Project("{2150E333-8FDC-42A3-9474-1A3956D46DE8}") = "@github workflows", "@github workflows", "{14072BD6-EBCE-4D7C-B7DA-00CD09430EEF}"
	ProjectSection(SolutionItems) = preProject
		.github\workflows\build.yml = .github\workflows\build.yml
		.github\dependabot.yml = .github\dependabot.yml
	EndProjectSection
EndProject
Project("{2150E333-8FDC-42A3-9474-1A3956D46DE8}") = "@documents", "@documents", "{864451A9-F1F3-4B50-A461-37E6F0C8FD7B}"
	ProjectSection(SolutionItems) = preProject
		README.md = README.md
		LICENSE.md = LICENSE.md
	EndProjectSection
EndProject
Project("{2150E333-8FDC-42A3-9474-1A3956D46DE8}") = "@configuration", "@configuration", "{FDF4A2A9-A07F-4116-ADEB-B1EE7276EC4E}"
	ProjectSection(SolutionItems) = preProject
		.editorconfig = .editorconfig
		.gitattributes = .gitattributes
		.gitignore = .gitignore
	EndProjectSection
EndProject
Project("{2150E333-8FDC-42A3-9474-1A3956D46DE8}") = "src", "src", "{771D2203-4998-4B48-9B95-5945FDB9FA3D}"
EndProject
Project("{2150E333-8FDC-42A3-9474-1A3956D46DE8}") = "tests", "tests", "{DA1DD1DC-5A65-4398-80D6-CF1F714856B7}"
EndProject
Project("{FAE04EC0-301F-11D3-BF4B-00C04F79EFBC}") = "DiffLib2", "src\DiffLib2\DiffLib2.csproj", "{FF31771D-2AC3-49E9-9596-16842EBCD670}"
EndProject
Project("{FAE04EC0-301F-11D3-BF4B-00C04F79EFBC}") = "DiffLib2.Tests", "tests\DiffLib2.Tests\DiffLib2.Tests.csproj", "{FCFBE2B8-095F-48A2-BAB7-D1E74CD5A83A}"
EndProject
Project("{2150E333-8FDC-42A3-9474-1A3956D46DE8}") = "perf", "perf", "{13BA8F37-4BB9-4A38-8D54-9E9E214EF7F8}"
EndProject
Project("{FAE04EC0-301F-11D3-BF4B-00C04F79EFBC}") = "Benchmarks", "Benchmarks\Benchmarks.csproj", "{675E90F5-A774-4CB2-99C5-B7D29F293CDD}"
EndProject
Project("{2150E333-8FDC-42A3-9474-1A3956D46DE8}") = "sandbox", "sandbox", "{5189B474-9080-4256-A469-F13E1B92EEEE}"
EndProject
Project("{FAE04EC0-301F-11D3-BF4B-00C04F79EFBC}") = "Sandbox", "Sandbox\Sandbox.csproj", "{3A2EE005-1BF1-4E0D-88EA-03B014C9181B}"
EndProject
Global
	GlobalSection(SolutionConfigurationPlatforms) = preSolution
		Debug|Any CPU = Debug|Any CPU
		Release|Any CPU = Release|Any CPU
	EndGlobalSection
	GlobalSection(ProjectConfigurationPlatforms) = postSolution
		{FF31771D-2AC3-49E9-9596-16842EBCD670}.Debug|Any CPU.ActiveCfg = Debug|Any CPU
		{FF31771D-2AC3-49E9-9596-16842EBCD670}.Debug|Any CPU.Build.0 = Debug|Any CPU
		{FF31771D-2AC3-49E9-9596-16842EBCD670}.Release|Any CPU.ActiveCfg = Release|Any CPU
		{FF31771D-2AC3-49E9-9596-16842EBCD670}.Release|Any CPU.Build.0 = Release|Any CPU
		{FCFBE2B8-095F-48A2-BAB7-D1E74CD5A83A}.Debug|Any CPU.ActiveCfg = Debug|Any CPU
		{FCFBE2B8-095F-48A2-BAB7-D1E74CD5A83A}.Debug|Any CPU.Build.0 = Debug|Any CPU
		{FCFBE2B8-095F-48A2-BAB7-D1E74CD5A83A}.Release|Any CPU.ActiveCfg = Release|Any CPU
		{FCFBE2B8-095F-48A2-BAB7-D1E74CD5A83A}.Release|Any CPU.Build.0 = Release|Any CPU
		{675E90F5-A774-4CB2-99C5-B7D29F293CDD}.Debug|Any CPU.ActiveCfg = Debug|Any CPU
		{675E90F5-A774-4CB2-99C5-B7D29F293CDD}.Debug|Any CPU.Build.0 = Debug|Any CPU
		{675E90F5-A774-4CB2-99C5-B7D29F293CDD}.Release|Any CPU.ActiveCfg = Release|Any CPU
		{675E90F5-A774-4CB2-99C5-B7D29F293CDD}.Release|Any CPU.Build.0 = Release|Any CPU
		{3A2EE005-1BF1-4E0D-88EA-03B014C9181B}.Debug|Any CPU.ActiveCfg = Debug|Any CPU
		{3A2EE005-1BF1-4E0D-88EA-03B014C9181B}.Debug|Any CPU.Build.0 = Debug|Any CPU
		{3A2EE005-1BF1-4E0D-88EA-03B014C9181B}.Release|Any CPU.ActiveCfg = Release|Any CPU
		{3A2EE005-1BF1-4E0D-88EA-03B014C9181B}.Release|Any CPU.Build.0 = Release|Any CPU
	EndGlobalSection
	GlobalSection(NestedProjects) = preSolution
		{FF31771D-2AC3-49E9-9596-16842EBCD670} = {771D2203-4998-4B48-9B95-5945FDB9FA3D}
		{FCFBE2B8-095F-48A2-BAB7-D1E74CD5A83A} = {DA1DD1DC-5A65-4398-80D6-CF1F714856B7}
		{675E90F5-A774-4CB2-99C5-B7D29F293CDD} = {13BA8F37-4BB9-4A38-8D54-9E9E214EF7F8}
		{3A2EE005-1BF1-4E0D-88EA-03B014C9181B} = {5189B474-9080-4256-A469-F13E1B92EEEE}
	EndGlobalSection
EndGlobal
